
Microsoft Visual Studio Solution File, Format Version 12.00
# Visual Studio Version 16
VisualStudioVersion = 16.0.29324.140
MinimumVisualStudioVersion = 10.0.40219.1
Project("{9A19103F-16F7-4668-BE54-9A1E7A4F7556}") = "LuaBuildEvents", "LuaBuildEvents\LuaBuildEvents.csproj", "{B22D21A0-622D-4103-A197-3F7AB4A05246}"
EndProject
Project("{9A19103F-16F7-4668-BE54-9A1E7A4F7556}") = "LuaBuildEvents.Test", "LuaBuildEvents.Test\LuaBuildEvents.Test.csproj", "{3B1DB9B7-B8AD-4060-B203-21706D60B53B}"
	ProjectSection(ProjectDependencies) = postProject
		{7373DB16-07A1-4239-BB9D-6EBAE73D9CAD} = {7373DB16-07A1-4239-BB9D-6EBAE73D9CAD}
	EndProjectSection
EndProject
Project("{2150E333-8FDC-42A3-9474-1A3956D46DE8}") = "Extensions", "Extensions", "{220C56D9-90FD-4D9A-A860-CE5BCB55A163}"
EndProject
Project("{9A19103F-16F7-4668-BE54-9A1E7A4F7556}") = "LuaBuildEvents.MySqlConnector", "Extensions\LuaBuildEvents.MySqlConnector\LuaBuildEvents.MySqlConnector.csproj", "{7373DB16-07A1-4239-BB9D-6EBAE73D9CAD}"
	ProjectSection(ProjectDependencies) = postProject
		{B22D21A0-622D-4103-A197-3F7AB4A05246} = {B22D21A0-622D-4103-A197-3F7AB4A05246}
	EndProjectSection
EndProject
Project("{9A19103F-16F7-4668-BE54-9A1E7A4F7556}") = "LuaBuildEvents.Sample", "LuaBuildEvents.Sample\LuaBuildEvents.Sample.csproj", "{16E1A0C6-F24D-497C-8A38-6513E6F5272C}"
	ProjectSection(ProjectDependencies) = postProject
		{B22D21A0-622D-4103-A197-3F7AB4A05246} = {B22D21A0-622D-4103-A197-3F7AB4A05246}
	EndProjectSection
EndProject
Project("{2150E333-8FDC-42A3-9474-1A3956D46DE8}") = "Tests", "Tests", "{F20D1581-D0F1-40D1-94B6-A23B23550048}"
EndProject
Project("{9A19103F-16F7-4668-BE54-9A1E7A4F7556}") = "LuaBuildEvents.FTP", "Extensions\LuaBuildEvents.FTP\LuaBuildEvents.FTP.csproj", "{8B32CEA5-01C7-4812-A013-3622275D34E6}"
EndProject
Global
	GlobalSection(SolutionConfigurationPlatforms) = preSolution
		Debug|Any CPU = Debug|Any CPU
		Release|Any CPU = Release|Any CPU
	EndGlobalSection
	GlobalSection(ProjectConfigurationPlatforms) = postSolution
		{B22D21A0-622D-4103-A197-3F7AB4A05246}.Debug|Any CPU.ActiveCfg = Debug|Any CPU
		{B22D21A0-622D-4103-A197-3F7AB4A05246}.Debug|Any CPU.Build.0 = Debug|Any CPU
		{B22D21A0-622D-4103-A197-3F7AB4A05246}.Release|Any CPU.ActiveCfg = Release|Any CPU
		{B22D21A0-622D-4103-A197-3F7AB4A05246}.Release|Any CPU.Build.0 = Release|Any CPU
		{3B1DB9B7-B8AD-4060-B203-21706D60B53B}.Debug|Any CPU.ActiveCfg = Debug|Any CPU
		{3B1DB9B7-B8AD-4060-B203-21706D60B53B}.Debug|Any CPU.Build.0 = Debug|Any CPU
		{3B1DB9B7-B8AD-4060-B203-21706D60B53B}.Release|Any CPU.ActiveCfg = Release|Any CPU
		{3B1DB9B7-B8AD-4060-B203-21706D60B53B}.Release|Any CPU.Build.0 = Release|Any CPU
		{7373DB16-07A1-4239-BB9D-6EBAE73D9CAD}.Debug|Any CPU.ActiveCfg = Debug|Any CPU
		{7373DB16-07A1-4239-BB9D-6EBAE73D9CAD}.Debug|Any CPU.Build.0 = Debug|Any CPU
		{7373DB16-07A1-4239-BB9D-6EBAE73D9CAD}.Release|Any CPU.ActiveCfg = Release|Any CPU
		{7373DB16-07A1-4239-BB9D-6EBAE73D9CAD}.Release|Any CPU.Build.0 = Release|Any CPU
		{16E1A0C6-F24D-497C-8A38-6513E6F5272C}.Debug|Any CPU.ActiveCfg = Debug|Any CPU
		{16E1A0C6-F24D-497C-8A38-6513E6F5272C}.Debug|Any CPU.Build.0 = Debug|Any CPU
		{16E1A0C6-F24D-497C-8A38-6513E6F5272C}.Release|Any CPU.ActiveCfg = Release|Any CPU
		{16E1A0C6-F24D-497C-8A38-6513E6F5272C}.Release|Any CPU.Build.0 = Release|Any CPU
		{8B32CEA5-01C7-4812-A013-3622275D34E6}.Debug|Any CPU.ActiveCfg = Debug|Any CPU
		{8B32CEA5-01C7-4812-A013-3622275D34E6}.Debug|Any CPU.Build.0 = Debug|Any CPU
		{8B32CEA5-01C7-4812-A013-3622275D34E6}.Release|Any CPU.ActiveCfg = Release|Any CPU
		{8B32CEA5-01C7-4812-A013-3622275D34E6}.Release|Any CPU.Build.0 = Release|Any CPU
	EndGlobalSection
	GlobalSection(SolutionProperties) = preSolution
		HideSolutionNode = FALSE
	EndGlobalSection
	GlobalSection(NestedProjects) = preSolution
		{3B1DB9B7-B8AD-4060-B203-21706D60B53B} = {F20D1581-D0F1-40D1-94B6-A23B23550048}
		{7373DB16-07A1-4239-BB9D-6EBAE73D9CAD} = {220C56D9-90FD-4D9A-A860-CE5BCB55A163}
		{8B32CEA5-01C7-4812-A013-3622275D34E6} = {220C56D9-90FD-4D9A-A860-CE5BCB55A163}
	EndGlobalSection
	GlobalSection(ExtensibilityGlobals) = postSolution
		SolutionGuid = {C650BE3C-E02D-414E-A3C3-EBA5FED604C5}
	EndGlobalSection
EndGlobal
